
Microsoft Visual Studio Solution File, Format Version 12.00
Project("{FAE04EC0-301F-11D3-BF4B-00C04F79EFBC}") = "EastwardModTool", "EastwardModTool\EastwardModTool.csproj", "{7EB0BBF6-B294-485B-9288-3E116A01CC6D}"
EndProject
Project("{FAE04EC0-301F-11D3-BF4B-00C04F79EFBC}") = "EastwardLib", "EastwardLib\EastwardLib.csproj", "{FFB5B584-B4A1-45D2-8CE8-7BAEFEC9FD7D}"
EndProject
Global
	GlobalSection(SolutionConfigurationPlatforms) = preSolution
		Debug|Any CPU = Debug|Any CPU
		Release|Any CPU = Release|Any CPU
	EndGlobalSection
	GlobalSection(ProjectConfigurationPlatforms) = postSolution
		{7EB0BBF6-B294-485B-9288-3E116A01CC6D}.Debug|Any CPU.ActiveCfg = Debug|Any CPU
		{7EB0BBF6-B294-485B-9288-3E116A01CC6D}.Debug|Any CPU.Build.0 = Debug|Any CPU
		{7EB0BBF6-B294-485B-9288-3E116A01CC6D}.Release|Any CPU.ActiveCfg = Release|Any CPU
		{7EB0BBF6-B294-485B-9288-3E116A01CC6D}.Release|Any CPU.Build.0 = Release|Any CPU
		{FFB5B584-B4A1-45D2-8CE8-7BAEFEC9FD7D}.Debug|Any CPU.ActiveCfg = Debug|Any CPU
		{FFB5B584-B4A1-45D2-8CE8-7BAEFEC9FD7D}.Debug|Any CPU.Build.0 = Debug|Any CPU
		{FFB5B584-B4A1-45D2-8CE8-7BAEFEC9FD7D}.Release|Any CPU.ActiveCfg = Release|Any CPU
		{FFB5B584-B4A1-45D2-8CE8-7BAEFEC9FD7D}.Release|Any CPU.Build.0 = Release|Any CPU
	EndGlobalSection
EndGlobal
